
Microsoft Visual Studio Solution File, Format Version 12.00
# Visual Studio Version 17
VisualStudioVersion = 17.8.34330.188
MinimumVisualStudioVersion = 10.0.40219.1
Project("{FAE04EC0-301F-11D3-BF4B-00C04F79EFBC}") = "Legalex.Web", "Legalex.Web\Legalex.Web.csproj", "{BA2791B3-B956-44AB-80F5-4B937AF44D55}"
EndProject
Project("{FAE04EC0-301F-11D3-BF4B-00C04F79EFBC}") = "Legalex.Infrastructure", "Legalex.Infrastructure\Legalex.Infrastructure.csproj", "{62F527D2-15BB-4AC3-83FB-91970BC37A86}"
EndProject
Project("{FAE04EC0-301F-11D3-BF4B-00C04F79EFBC}") = "Legalex.Logic", "Legalex.Logic\Legalex.Logic.csproj", "{FD7F7FBB-EA04-4837-A16D-B62CDD38B450}"
EndProject
Global
	GlobalSection(SolutionConfigurationPlatforms) = preSolution
		Debug|Any CPU = Debug|Any CPU
		Release|Any CPU = Release|Any CPU
	EndGlobalSection
	GlobalSection(ProjectConfigurationPlatforms) = postSolution
		{BA2791B3-B956-44AB-80F5-4B937AF44D55}.Debug|Any CPU.ActiveCfg = Debug|Any CPU
		{BA2791B3-B956-44AB-80F5-4B937AF44D55}.Debug|Any CPU.Build.0 = Debug|Any CPU
		{BA2791B3-B956-44AB-80F5-4B937AF44D55}.Release|Any CPU.ActiveCfg = Release|Any CPU
		{BA2791B3-B956-44AB-80F5-4B937AF44D55}.Release|Any CPU.Build.0 = Release|Any CPU
		{62F527D2-15BB-4AC3-83FB-91970BC37A86}.Debug|Any CPU.ActiveCfg = Debug|Any CPU
		{62F527D2-15BB-4AC3-83FB-91970BC37A86}.Debug|Any CPU.Build.0 = Debug|Any CPU
		{62F527D2-15BB-4AC3-83FB-91970BC37A86}.Release|Any CPU.ActiveCfg = Release|Any CPU
		{62F527D2-15BB-4AC3-83FB-91970BC37A86}.Release|Any CPU.Build.0 = Release|Any CPU
		{FD7F7FBB-EA04-4837-A16D-B62CDD38B450}.Debug|Any CPU.ActiveCfg = Debug|Any CPU
		{FD7F7FBB-EA04-4837-A16D-B62CDD38B450}.Debug|Any CPU.Build.0 = Debug|Any CPU
		{FD7F7FBB-EA04-4837-A16D-B62CDD38B450}.Release|Any CPU.ActiveCfg = Release|Any CPU
		{FD7F7FBB-EA04-4837-A16D-B62CDD38B450}.Release|Any CPU.Build.0 = Release|Any CPU
	EndGlobalSection
	GlobalSection(SolutionProperties) = preSolution
		HideSolutionNode = FALSE
	EndGlobalSection
	GlobalSection(ExtensibilityGlobals) = postSolution
		SolutionGuid = {A01C4102-70AC-4499-A286-81CF4C6E37D4}
	EndGlobalSection
EndGlobal
